
Microsoft Visual Studio Solution File, Format Version 12.00
# Visual Studio 2017
Project("{FAE04EC0-301F-11D3-BF4B-00C04F79EFBC}") = "ColorMatrix", "ColorMatrix.csproj", "{12FFCD12-3A50-E3E6-946C-3CBCB891B188}"
EndProject
Project("{FAE04EC0-301F-11D3-BF4B-00C04F79EFBC}") = "ColorMatrix.Editor", "ColorMatrix.Editor.csproj", "{945229BF-F1D7-CE92-114C-D15DFEA8AA95}"
EndProject
Global
	GlobalSection(SolutionConfigurationPlatforms) = preSolution
		Debug|Any CPU = Debug|Any CPU
		Release|Any CPU = Release|Any CPU
	EndGlobalSection
	GlobalSection(ProjectConfigurationPlatforms) = postSolution
		{12FFCD12-3A50-E3E6-946C-3CBCB891B188}.Debug|Any CPU.ActiveCfg = Debug|Any CPU
		{12FFCD12-3A50-E3E6-946C-3CBCB891B188}.Debug|Any CPU.Build.0 = Debug|Any CPU
		{12FFCD12-3A50-E3E6-946C-3CBCB891B188}.Release|Any CPU.ActiveCfg = Release|Any CPU
		{12FFCD12-3A50-E3E6-946C-3CBCB891B188}.Release|Any CPU.Build.0 = Release|Any CPU
		{945229BF-F1D7-CE92-114C-D15DFEA8AA95}.Debug|Any CPU.ActiveCfg = Debug|Any CPU
		{945229BF-F1D7-CE92-114C-D15DFEA8AA95}.Debug|Any CPU.Build.0 = Debug|Any CPU
		{945229BF-F1D7-CE92-114C-D15DFEA8AA95}.Release|Any CPU.ActiveCfg = Release|Any CPU
		{945229BF-F1D7-CE92-114C-D15DFEA8AA95}.Release|Any CPU.Build.0 = Release|Any CPU
	EndGlobalSection
	GlobalSection(SolutionProperties) = preSolution
		HideSolutionNode = FALSE
	EndGlobalSection
EndGlobal
